
Microsoft Visual Studio Solution File, Format Version 12.00
Project("{FAE04EC0-301F-11D3-BF4B-00C04F79EFBC}") = "Lesson6", "Lesson6\Lesson6.csproj", "{CE6F6FC0-70A1-4326-8CCD-B31A306F3213}"
EndProject
Global
	GlobalSection(SolutionConfigurationPlatforms) = preSolution
		Debug|Any CPU = Debug|Any CPU
		Release|Any CPU = Release|Any CPU
	EndGlobalSection
	GlobalSection(ProjectConfigurationPlatforms) = postSolution
		{CE6F6FC0-70A1-4326-8CCD-B31A306F3213}.Debug|Any CPU.ActiveCfg = Debug|Any CPU
		{CE6F6FC0-70A1-4326-8CCD-B31A306F3213}.Debug|Any CPU.Build.0 = Debug|Any CPU
		{CE6F6FC0-70A1-4326-8CCD-B31A306F3213}.Release|Any CPU.ActiveCfg = Release|Any CPU
		{CE6F6FC0-70A1-4326-8CCD-B31A306F3213}.Release|Any CPU.Build.0 = Release|Any CPU
	EndGlobalSection
EndGlobal
